
Microsoft Visual Studio Solution File, Format Version 12.00
# Visual Studio 14
VisualStudioVersion = 14.0.25420.1
MinimumVisualStudioVersion = 10.0.40219.1
Project("{8BC9CEB8-8B4A-11D0-8D11-00A0C91BC942}") = "01赋值运算符函数", "剑指offer\剑指offer.vcxproj", "{45CCA243-618E-44AD-A948-22821383BE78}"
EndProject
Project("{8BC9CEB8-8B4A-11D0-8D11-00A0C91BC942}") = "02实现Singleton模式", "02实现Singleton模式\02实现Singleton模式.vcxproj", "{5C4BD0F5-689F-4DDD-9D6F-62C863EC6EA1}"
EndProject
Project("{8BC9CEB8-8B4A-11D0-8D11-00A0C91BC942}") = "03数组中重复的数字", "03数组中重复的数字\03数组中重复的数字.vcxproj", "{A1861A82-E71D-41A4-82EC-03D54E6459F7}"
EndProject
Project("{8BC9CEB8-8B4A-11D0-8D11-00A0C91BC942}") = "04二维数组中的查找", "04二维数组中的查找\04二维数组中的查找.vcxproj", "{DC0A3ECD-3C7D-481D-AAD5-E6FB8001B350}"
EndProject
Project("{8BC9CEB8-8B4A-11D0-8D11-00A0C91BC942}") = "05替换空格", "05替换空格\05替换空格.vcxproj", "{16BC2AE1-1F72-4B97-A694-1930D15692AD}"
EndProject
Project("{8BC9CEB8-8B4A-11D0-8D11-00A0C91BC942}") = "06从尾到头打印链表", "06从尾到头打印链表\06从尾到头打印链表.vcxproj", "{45A07990-EA39-49EC-856D-E4D7459E2F32}"
EndProject
Project("{8BC9CEB8-8B4A-11D0-8D11-00A0C91BC942}") = "07重建二叉树", "07重建二叉树\07重建二叉树.vcxproj", "{D136BFA5-9746-4A08-89C7-0950FD374F08}"
EndProject
Project("{8BC9CEB8-8B4A-11D0-8D11-00A0C91BC942}") = "08二叉树的下一个结点", "08二叉树的下一个结点\08二叉树的下一个结点.vcxproj", "{0AE5BAF6-2A95-4501-B2B2-B02C3F9CCC14}"
EndProject
Project("{8BC9CEB8-8B4A-11D0-8D11-00A0C91BC942}") = "09用两个栈实现队列", "09用两个栈实现队列\09用两个栈实现队列.vcxproj", "{7AE2138F-632A-4952-99E8-9FF3E360A373}"
EndProject
Project("{8BC9CEB8-8B4A-11D0-8D11-00A0C91BC942}") = "12矩阵中的路径", "12矩阵中的路径\12矩阵中的路径.vcxproj", "{4CC17322-227F-4386-A5BC-D6E28FB4FFF4}"
EndProject
Project("{8BC9CEB8-8B4A-11D0-8D11-00A0C91BC942}") = "17打印从1到最大的n位数", "17打印从1到最大的n位数\17打印从1到最大的n位数.vcxproj", "{D212D912-E7A3-46DB-8F56-767ED41ACD18}"
EndProject
Project("{8BC9CEB8-8B4A-11D0-8D11-00A0C91BC942}") = "21调整数组顺序使奇数位于偶数前边", "ConsoleApplication1\ConsoleApplication1.vcxproj", "{2C1050C7-EC52-41B6-A5EB-24BB935A3FEB}"
EndProject
Project("{8BC9CEB8-8B4A-11D0-8D11-00A0C91BC942}") = "23链表中环的入口结点", "23链表中环的入口结点\23链表中环的入口结点.vcxproj", "{C151924C-89C0-47D0-9064-290FA26915ED}"
EndProject
Project("{8BC9CEB8-8B4A-11D0-8D11-00A0C91BC942}") = "26树的子结构", "26树的子结构\26树的子结构.vcxproj", "{010AC418-90A2-42B5-B2C7-998E35448CC0}"
EndProject
Project("{8BC9CEB8-8B4A-11D0-8D11-00A0C91BC942}") = "28对称的二叉树", "28对称的二叉树\28对称的二叉树.vcxproj", "{23D0FEF3-C84A-4CED-8429-C8DB76AD1C08}"
EndProject
Project("{8BC9CEB8-8B4A-11D0-8D11-00A0C91BC942}") = "30包含min函数的栈", "30包含min函数的栈\30包含min函数的栈.vcxproj", "{84A9BB87-6659-4B3A-A65E-4FC0BE0F0767}"
EndProject
Project("{8BC9CEB8-8B4A-11D0-8D11-00A0C91BC942}") = "31栈的压入、弹出序列", "31栈的压入、弹出序列\31栈的压入、弹出序列.vcxproj", "{C06DBA9F-58FD-4B06-AF4E-96106F7D3436}"
EndProject
Project("{8BC9CEB8-8B4A-11D0-8D11-00A0C91BC942}") = "32从上到下打印二叉树", "32从上到下打印二叉树\32从上到下打印二叉树.vcxproj", "{A29604C2-7177-4FB3-ADF7-ED39F32363F1}"
EndProject
Project("{8BC9CEB8-8B4A-11D0-8D11-00A0C91BC942}") = "33二叉搜索树的后序遍历序列", "33二叉搜索树的后序遍历序列\33二叉搜索树的后序遍历序列.vcxproj", "{BA63A844-74ED-4C4E-B7F0-F5A837D67715}"
EndProject
Project("{8BC9CEB8-8B4A-11D0-8D11-00A0C91BC942}") = "34二叉树中和为某一值的路径", "ConsoleApplication2\ConsoleApplication2.vcxproj", "{66D42C48-2AAE-43B9-859B-F85B1BC9BDCE}"
EndProject
Project("{8BC9CEB8-8B4A-11D0-8D11-00A0C91BC942}") = "35复杂链表的复制", "35复杂链表的复制\35复杂链表的复制.vcxproj", "{87D1491B-6722-41CD-BD08-7843425623E9}"
EndProject
Project("{8BC9CEB8-8B4A-11D0-8D11-00A0C91BC942}") = "38字符串的排列", "ConsoleApplication3\ConsoleApplication3.vcxproj", "{64AFEBA5-7123-43DD-97B0-053F626F2301}"
EndProject
Project("{8BC9CEB8-8B4A-11D0-8D11-00A0C91BC942}") = "36二叉搜索树与双向链表", "36二叉搜索树与双向链表\36二叉搜索树与双向链表.vcxproj", "{D3058F5F-21DE-429C-8337-54F1B8C205F9}"
EndProject
Project("{8BC9CEB8-8B4A-11D0-8D11-00A0C91BC942}") = "37序列化二叉树", "37序列化二叉树\37序列化二叉树.vcxproj", "{526B1A06-4796-4971-85B6-A6ED79135E11}"
EndProject
Project("{8BC9CEB8-8B4A-11D0-8D11-00A0C91BC942}") = "40最小的k个数", "40最小的k个数\40最小的k个数.vcxproj", "{37926083-957E-4805-9BF2-D282B3D38E4E}"
EndProject
Project("{8BC9CEB8-8B4A-11D0-8D11-00A0C91BC942}") = "42连续子数组的最大和", "42连续子数组的最大和\42连续子数组的最大和.vcxproj", "{B8ED81BE-9852-452E-B57D-C8F06B4A90BC}"
EndProject
Project("{8BC9CEB8-8B4A-11D0-8D11-00A0C91BC942}") = "44数字序列中某一位的数字", "44\44.vcxproj", "{ACCE4FC7-058B-4200-BA2F-9D2685A1546B}"
EndProject
Project("{8BC9CEB8-8B4A-11D0-8D11-00A0C91BC942}") = "45把数组排成最小的数", "45把数组排成最小的数\45把数组排成最小的数.vcxproj", "{2A560879-0EC2-4F60-839A-6A52BFBF0B5B}"
EndProject
Project("{8BC9CEB8-8B4A-11D0-8D11-00A0C91BC942}") = "46把数字翻译成字符串", "46把数字翻译成字符串\46把数字翻译成字符串.vcxproj", "{3E69B0E7-6000-4DE0-B658-7D131BD595B9}"
EndProject
Project("{8BC9CEB8-8B4A-11D0-8D11-00A0C91BC942}") = "49丑数", "49丑数\49丑数.vcxproj", "{A4A71827-8841-4187-9756-25219E2931EA}"
EndProject
Project("{8BC9CEB8-8B4A-11D0-8D11-00A0C91BC942}") = "50第一个只出现一次的字符", "50第一个只出现一次的字符\50第一个只出现一次的字符.vcxproj", "{78B8150E-BCF1-415E-AC2F-EF132E20FCC5}"
EndProject
Project("{8BC9CEB8-8B4A-11D0-8D11-00A0C91BC942}") = "52两个链表的第一个公共节点", "52两个链表的公共节点\52两个链表的公共节点.vcxproj", "{42F808D8-FE9E-4F26-A605-D62CE4BC9FE4}"
EndProject
Project("{8BC9CEB8-8B4A-11D0-8D11-00A0C91BC942}") = "53_1在排序数组中查找数字", "53在排序数组中查找数字\53在排序数组中查找数字.vcxproj", "{5A7079C5-1583-4D4B-BA0B-A3B3B0D74489}"
EndProject
Project("{8BC9CEB8-8B4A-11D0-8D11-00A0C91BC942}") = "53_2 0-n-1中缺失的数字", "53_20-n-1中缺失的数字\53_20-n-1中缺失的数字.vcxproj", "{F55BE2F2-1020-4322-AD97-D255B9A5CC47}"
EndProject
Project("{8BC9CEB8-8B4A-11D0-8D11-00A0C91BC942}") = "53_3 数组中数值和下标相等的元素", "53_3 数组中数值和下标相等的元素\53_3 数组中数值和下标相等的元素.vcxproj", "{EED4CC5A-D701-4E05-B6F0-B5CC31B2D148}"
EndProject
Project("{8BC9CEB8-8B4A-11D0-8D11-00A0C91BC942}") = "54二叉搜索树的第K大节点", "54二叉搜索树的第K大节点\54二叉搜索树的第K大节点.vcxproj", "{D0070B26-01D4-4066-BBF8-A295446E4668}"
EndProject
Project("{8BC9CEB8-8B4A-11D0-8D11-00A0C91BC942}") = "55二叉树的深度", "55二叉树的深度\55二叉树的深度.vcxproj", "{0D51258D-6A93-4F16-9B56-E5ED72736542}"
EndProject
Project("{8BC9CEB8-8B4A-11D0-8D11-00A0C91BC942}") = "56数组中数字出现的次数", "56数组中数字出现的次数\56数组中数字出现的次数.vcxproj", "{6680454C-601B-4973-9261-C3124AD74FCF}"
EndProject
Project("{8BC9CEB8-8B4A-11D0-8D11-00A0C91BC942}") = "57和为s的数字", "57和为s的数字\57和为s的数字.vcxproj", "{FEC18800-9D06-43BA-A702-053F6E893151}"
EndProject
Project("{8BC9CEB8-8B4A-11D0-8D11-00A0C91BC942}") = "58翻转字符串", "58翻转字符串\58翻转字符串.vcxproj", "{099B071B-A92F-4A04-AC47-50C92E34A50E}"
EndProject
Project("{8BC9CEB8-8B4A-11D0-8D11-00A0C91BC942}") = "62圆圈中最后剩下的数字", "62圆圈中最后剩下的数字\62圆圈中最后剩下的数字.vcxproj", "{1BD75A2B-E998-409F-8983-4CD770310D1D}"
EndProject
Project("{8BC9CEB8-8B4A-11D0-8D11-00A0C91BC942}") = "63股票的最大利润", "63股票的最大利润\63股票的最大利润.vcxproj", "{BFDB7F57-01E2-465C-A77E-EEBEAAA98202}"
EndProject
Project("{8BC9CEB8-8B4A-11D0-8D11-00A0C91BC942}") = "64求1+2+...+n", "64求1+2+...+n\64求1+2+...+n.vcxproj", "{EE803ED2-E0A3-4E35-B34B-7532CCD89F3D}"
EndProject
Project("{8BC9CEB8-8B4A-11D0-8D11-00A0C91BC942}") = "65不用加减乘除做加法", "65不用加减乘除做加法\65不用加减乘除做加法.vcxproj", "{8A3B0C00-8B66-4B84-9184-DDF815F96CA1}"
EndProject
Project("{8BC9CEB8-8B4A-11D0-8D11-00A0C91BC942}") = "66构建乘积数组", "66构建乘积数组\66构建乘积数组.vcxproj", "{AE6924C3-9692-4378-A62F-E1835F8D8073}"
EndProject
Global
	GlobalSection(SolutionConfigurationPlatforms) = preSolution
		Debug|x64 = Debug|x64
		Debug|x86 = Debug|x86
		Release|x64 = Release|x64
		Release|x86 = Release|x86
	EndGlobalSection
	GlobalSection(ProjectConfigurationPlatforms) = postSolution
		{45CCA243-618E-44AD-A948-22821383BE78}.Debug|x64.ActiveCfg = Debug|x64
		{45CCA243-618E-44AD-A948-22821383BE78}.Debug|x64.Build.0 = Debug|x64
		{45CCA243-618E-44AD-A948-22821383BE78}.Debug|x86.ActiveCfg = Debug|Win32
		{45CCA243-618E-44AD-A948-22821383BE78}.Debug|x86.Build.0 = Debug|Win32
		{45CCA243-618E-44AD-A948-22821383BE78}.Release|x64.ActiveCfg = Release|x64
		{45CCA243-618E-44AD-A948-22821383BE78}.Release|x64.Build.0 = Release|x64
		{45CCA243-618E-44AD-A948-22821383BE78}.Release|x86.ActiveCfg = Release|Win32
		{45CCA243-618E-44AD-A948-22821383BE78}.Release|x86.Build.0 = Release|Win32
		{5C4BD0F5-689F-4DDD-9D6F-62C863EC6EA1}.Debug|x64.ActiveCfg = Debug|x64
		{5C4BD0F5-689F-4DDD-9D6F-62C863EC6EA1}.Debug|x64.Build.0 = Debug|x64
		{5C4BD0F5-689F-4DDD-9D6F-62C863EC6EA1}.Debug|x86.ActiveCfg = Debug|Win32
		{5C4BD0F5-689F-4DDD-9D6F-62C863EC6EA1}.Debug|x86.Build.0 = Debug|Win32
		{5C4BD0F5-689F-4DDD-9D6F-62C863EC6EA1}.Release|x64.ActiveCfg = Release|x64
		{5C4BD0F5-689F-4DDD-9D6F-62C863EC6EA1}.Release|x64.Build.0 = Release|x64
		{5C4BD0F5-689F-4DDD-9D6F-62C863EC6EA1}.Release|x86.ActiveCfg = Release|Win32
		{5C4BD0F5-689F-4DDD-9D6F-62C863EC6EA1}.Release|x86.Build.0 = Release|Win32
		{A1861A82-E71D-41A4-82EC-03D54E6459F7}.Debug|x64.ActiveCfg = Debug|x64
		{A1861A82-E71D-41A4-82EC-03D54E6459F7}.Debug|x64.Build.0 = Debug|x64
		{A1861A82-E71D-41A4-82EC-03D54E6459F7}.Debug|x86.ActiveCfg = Debug|Win32
		{A1861A82-E71D-41A4-82EC-03D54E6459F7}.Debug|x86.Build.0 = Debug|Win32
		{A1861A82-E71D-41A4-82EC-03D54E6459F7}.Release|x64.ActiveCfg = Release|x64
		{A1861A82-E71D-41A4-82EC-03D54E6459F7}.Release|x64.Build.0 = Release|x64
		{A1861A82-E71D-41A4-82EC-03D54E6459F7}.Release|x86.ActiveCfg = Release|Win32
		{A1861A82-E71D-41A4-82EC-03D54E6459F7}.Release|x86.Build.0 = Release|Win32
		{DC0A3ECD-3C7D-481D-AAD5-E6FB8001B350}.Debug|x64.ActiveCfg = Debug|x64
		{DC0A3ECD-3C7D-481D-AAD5-E6FB8001B350}.Debug|x64.Build.0 = Debug|x64
		{DC0A3ECD-3C7D-481D-AAD5-E6FB8001B350}.Debug|x86.ActiveCfg = Debug|Win32
		{DC0A3ECD-3C7D-481D-AAD5-E6FB8001B350}.Debug|x86.Build.0 = Debug|Win32
		{DC0A3ECD-3C7D-481D-AAD5-E6FB8001B350}.Release|x64.ActiveCfg = Release|x64
		{DC0A3ECD-3C7D-481D-AAD5-E6FB8001B350}.Release|x64.Build.0 = Release|x64
		{DC0A3ECD-3C7D-481D-AAD5-E6FB8001B350}.Release|x86.ActiveCfg = Release|Win32
		{DC0A3ECD-3C7D-481D-AAD5-E6FB8001B350}.Release|x86.Build.0 = Release|Win32
		{16BC2AE1-1F72-4B97-A694-1930D15692AD}.Debug|x64.ActiveCfg = Debug|x64
		{16BC2AE1-1F72-4B97-A694-1930D15692AD}.Debug|x64.Build.0 = Debug|x64
		{16BC2AE1-1F72-4B97-A694-1930D15692AD}.Debug|x86.ActiveCfg = Debug|Win32
		{16BC2AE1-1F72-4B97-A694-1930D15692AD}.Debug|x86.Build.0 = Debug|Win32
		{16BC2AE1-1F72-4B97-A694-1930D15692AD}.Release|x64.ActiveCfg = Release|x64
		{16BC2AE1-1F72-4B97-A694-1930D15692AD}.Release|x64.Build.0 = Release|x64
		{16BC2AE1-1F72-4B97-A694-1930D15692AD}.Release|x86.ActiveCfg = Release|Win32
		{16BC2AE1-1F72-4B97-A694-1930D15692AD}.Release|x86.Build.0 = Release|Win32
		{45A07990-EA39-49EC-856D-E4D7459E2F32}.Debug|x64.ActiveCfg = Debug|x64
		{45A07990-EA39-49EC-856D-E4D7459E2F32}.Debug|x64.Build.0 = Debug|x64
		{45A07990-EA39-49EC-856D-E4D7459E2F32}.Debug|x86.ActiveCfg = Debug|Win32
		{45A07990-EA39-49EC-856D-E4D7459E2F32}.Debug|x86.Build.0 = Debug|Win32
		{45A07990-EA39-49EC-856D-E4D7459E2F32}.Release|x64.ActiveCfg = Release|x64
		{45A07990-EA39-49EC-856D-E4D7459E2F32}.Release|x64.Build.0 = Release|x64
		{45A07990-EA39-49EC-856D-E4D7459E2F32}.Release|x86.ActiveCfg = Release|Win32
		{45A07990-EA39-49EC-856D-E4D7459E2F32}.Release|x86.Build.0 = Release|Win32
		{D136BFA5-9746-4A08-89C7-0950FD374F08}.Debug|x64.ActiveCfg = Debug|x64
		{D136BFA5-9746-4A08-89C7-0950FD374F08}.Debug|x64.Build.0 = Debug|x64
		{D136BFA5-9746-4A08-89C7-0950FD374F08}.Debug|x86.ActiveCfg = Debug|Win32
		{D136BFA5-9746-4A08-89C7-0950FD374F08}.Debug|x86.Build.0 = Debug|Win32
		{D136BFA5-9746-4A08-89C7-0950FD374F08}.Release|x64.ActiveCfg = Release|x64
		{D136BFA5-9746-4A08-89C7-0950FD374F08}.Release|x64.Build.0 = Release|x64
		{D136BFA5-9746-4A08-89C7-0950FD374F08}.Release|x86.ActiveCfg = Release|Win32
		{D136BFA5-9746-4A08-89C7-0950FD374F08}.Release|x86.Build.0 = Release|Win32
		{0AE5BAF6-2A95-4501-B2B2-B02C3F9CCC14}.Debug|x64.ActiveCfg = Debug|x64
		{0AE5BAF6-2A95-4501-B2B2-B02C3F9CCC14}.Debug|x64.Build.0 = Debug|x64
		{0AE5BAF6-2A95-4501-B2B2-B02C3F9CCC14}.Debug|x86.ActiveCfg = Debug|Win32
		{0AE5BAF6-2A95-4501-B2B2-B02C3F9CCC14}.Debug|x86.Build.0 = Debug|Win32
		{0AE5BAF6-2A95-4501-B2B2-B02C3F9CCC14}.Release|x64.ActiveCfg = Release|x64
		{0AE5BAF6-2A95-4501-B2B2-B02C3F9CCC14}.Release|x64.Build.0 = Release|x64
		{0AE5BAF6-2A95-4501-B2B2-B02C3F9CCC14}.Release|x86.ActiveCfg = Release|Win32
		{0AE5BAF6-2A95-4501-B2B2-B02C3F9CCC14}.Release|x86.Build.0 = Release|Win32
		{7AE2138F-632A-4952-99E8-9FF3E360A373}.Debug|x64.ActiveCfg = Debug|x64
		{7AE2138F-632A-4952-99E8-9FF3E360A373}.Debug|x64.Build.0 = Debug|x64
		{7AE2138F-632A-4952-99E8-9FF3E360A373}.Debug|x86.ActiveCfg = Debug|Win32
		{7AE2138F-632A-4952-99E8-9FF3E360A373}.Debug|x86.Build.0 = Debug|Win32
		{7AE2138F-632A-4952-99E8-9FF3E360A373}.Release|x64.ActiveCfg = Release|x64
		{7AE2138F-632A-4952-99E8-9FF3E360A373}.Release|x64.Build.0 = Release|x64
		{7AE2138F-632A-4952-99E8-9FF3E360A373}.Release|x86.ActiveCfg = Release|Win32
		{7AE2138F-632A-4952-99E8-9FF3E360A373}.Release|x86.Build.0 = Release|Win32
		{4CC17322-227F-4386-A5BC-D6E28FB4FFF4}.Debug|x64.ActiveCfg = Debug|x64
		{4CC17322-227F-4386-A5BC-D6E28FB4FFF4}.Debug|x64.Build.0 = Debug|x64
		{4CC17322-227F-4386-A5BC-D6E28FB4FFF4}.Debug|x86.ActiveCfg = Debug|Win32
		{4CC17322-227F-4386-A5BC-D6E28FB4FFF4}.Debug|x86.Build.0 = Debug|Win32
		{4CC17322-227F-4386-A5BC-D6E28FB4FFF4}.Release|x64.ActiveCfg = Release|x64
		{4CC17322-227F-4386-A5BC-D6E28FB4FFF4}.Release|x64.Build.0 = Release|x64
		{4CC17322-227F-4386-A5BC-D6E28FB4FFF4}.Release|x86.ActiveCfg = Release|Win32
		{4CC17322-227F-4386-A5BC-D6E28FB4FFF4}.Release|x86.Build.0 = Release|Win32
		{D212D912-E7A3-46DB-8F56-767ED41ACD18}.Debug|x64.ActiveCfg = Debug|x64
		{D212D912-E7A3-46DB-8F56-767ED41ACD18}.Debug|x64.Build.0 = Debug|x64
		{D212D912-E7A3-46DB-8F56-767ED41ACD18}.Debug|x86.ActiveCfg = Debug|Win32
		{D212D912-E7A3-46DB-8F56-767ED41ACD18}.Debug|x86.Build.0 = Debug|Win32
		{D212D912-E7A3-46DB-8F56-767ED41ACD18}.Release|x64.ActiveCfg = Release|x64
		{D212D912-E7A3-46DB-8F56-767ED41ACD18}.Release|x64.Build.0 = Release|x64
		{D212D912-E7A3-46DB-8F56-767ED41ACD18}.Release|x86.ActiveCfg = Release|Win32
		{D212D912-E7A3-46DB-8F56-767ED41ACD18}.Release|x86.Build.0 = Release|Win32
		{2C1050C7-EC52-41B6-A5EB-24BB935A3FEB}.Debug|x64.ActiveCfg = Debug|x64
		{2C1050C7-EC52-41B6-A5EB-24BB935A3FEB}.Debug|x64.Build.0 = Debug|x64
		{2C1050C7-EC52-41B6-A5EB-24BB935A3FEB}.Debug|x86.ActiveCfg = Debug|Win32
		{2C1050C7-EC52-41B6-A5EB-24BB935A3FEB}.Debug|x86.Build.0 = Debug|Win32
		{2C1050C7-EC52-41B6-A5EB-24BB935A3FEB}.Release|x64.ActiveCfg = Release|x64
		{2C1050C7-EC52-41B6-A5EB-24BB935A3FEB}.Release|x64.Build.0 = Release|x64
		{2C1050C7-EC52-41B6-A5EB-24BB935A3FEB}.Release|x86.ActiveCfg = Release|Win32
		{2C1050C7-EC52-41B6-A5EB-24BB935A3FEB}.Release|x86.Build.0 = Release|Win32
		{C151924C-89C0-47D0-9064-290FA26915ED}.Debug|x64.ActiveCfg = Debug|x64
		{C151924C-89C0-47D0-9064-290FA26915ED}.Debug|x64.Build.0 = Debug|x64
		{C151924C-89C0-47D0-9064-290FA26915ED}.Debug|x86.ActiveCfg = Debug|Win32
		{C151924C-89C0-47D0-9064-290FA26915ED}.Debug|x86.Build.0 = Debug|Win32
		{C151924C-89C0-47D0-9064-290FA26915ED}.Release|x64.ActiveCfg = Release|x64
		{C151924C-89C0-47D0-9064-290FA26915ED}.Release|x64.Build.0 = Release|x64
		{C151924C-89C0-47D0-9064-290FA26915ED}.Release|x86.ActiveCfg = Release|Win32
		{C151924C-89C0-47D0-9064-290FA26915ED}.Release|x86.Build.0 = Release|Win32
		{010AC418-90A2-42B5-B2C7-998E35448CC0}.Debug|x64.ActiveCfg = Debug|x64
		{010AC418-90A2-42B5-B2C7-998E35448CC0}.Debug|x64.Build.0 = Debug|x64
		{010AC418-90A2-42B5-B2C7-998E35448CC0}.Debug|x86.ActiveCfg = Debug|Win32
		{010AC418-90A2-42B5-B2C7-998E35448CC0}.Debug|x86.Build.0 = Debug|Win32
		{010AC418-90A2-42B5-B2C7-998E35448CC0}.Release|x64.ActiveCfg = Release|x64
		{010AC418-90A2-42B5-B2C7-998E35448CC0}.Release|x64.Build.0 = Release|x64
		{010AC418-90A2-42B5-B2C7-998E35448CC0}.Release|x86.ActiveCfg = Release|Win32
		{010AC418-90A2-42B5-B2C7-998E35448CC0}.Release|x86.Build.0 = Release|Win32
		{23D0FEF3-C84A-4CED-8429-C8DB76AD1C08}.Debug|x64.ActiveCfg = Debug|x64
		{23D0FEF3-C84A-4CED-8429-C8DB76AD1C08}.Debug|x64.Build.0 = Debug|x64
		{23D0FEF3-C84A-4CED-8429-C8DB76AD1C08}.Debug|x86.ActiveCfg = Debug|Win32
		{23D0FEF3-C84A-4CED-8429-C8DB76AD1C08}.Debug|x86.Build.0 = Debug|Win32
		{23D0FEF3-C84A-4CED-8429-C8DB76AD1C08}.Release|x64.ActiveCfg = Release|x64
		{23D0FEF3-C84A-4CED-8429-C8DB76AD1C08}.Release|x64.Build.0 = Release|x64
		{23D0FEF3-C84A-4CED-8429-C8DB76AD1C08}.Release|x86.ActiveCfg = Release|Win32
		{23D0FEF3-C84A-4CED-8429-C8DB76AD1C08}.Release|x86.Build.0 = Release|Win32
		{84A9BB87-6659-4B3A-A65E-4FC0BE0F0767}.Debug|x64.ActiveCfg = Debug|x64
		{84A9BB87-6659-4B3A-A65E-4FC0BE0F0767}.Debug|x64.Build.0 = Debug|x64
		{84A9BB87-6659-4B3A-A65E-4FC0BE0F0767}.Debug|x86.ActiveCfg = Debug|Win32
		{84A9BB87-6659-4B3A-A65E-4FC0BE0F0767}.Debug|x86.Build.0 = Debug|Win32
		{84A9BB87-6659-4B3A-A65E-4FC0BE0F0767}.Release|x64.ActiveCfg = Release|x64
		{84A9BB87-6659-4B3A-A65E-4FC0BE0F0767}.Release|x64.Build.0 = Release|x64
		{84A9BB87-6659-4B3A-A65E-4FC0BE0F0767}.Release|x86.ActiveCfg = Release|Win32
		{84A9BB87-6659-4B3A-A65E-4FC0BE0F0767}.Release|x86.Build.0 = Release|Win32
		{C06DBA9F-58FD-4B06-AF4E-96106F7D3436}.Debug|x64.ActiveCfg = Debug|x64
		{C06DBA9F-58FD-4B06-AF4E-96106F7D3436}.Debug|x64.Build.0 = Debug|x64
		{C06DBA9F-58FD-4B06-AF4E-96106F7D3436}.Debug|x86.ActiveCfg = Debug|Win32
		{C06DBA9F-58FD-4B06-AF4E-96106F7D3436}.Debug|x86.Build.0 = Debug|Win32
		{C06DBA9F-58FD-4B06-AF4E-96106F7D3436}.Release|x64.ActiveCfg = Release|x64
		{C06DBA9F-58FD-4B06-AF4E-96106F7D3436}.Release|x64.Build.0 = Release|x64
		{C06DBA9F-58FD-4B06-AF4E-96106F7D3436}.Release|x86.ActiveCfg = Release|Win32
		{C06DBA9F-58FD-4B06-AF4E-96106F7D3436}.Release|x86.Build.0 = Release|Win32
		{A29604C2-7177-4FB3-ADF7-ED39F32363F1}.Debug|x64.ActiveCfg = Debug|x64
		{A29604C2-7177-4FB3-ADF7-ED39F32363F1}.Debug|x64.Build.0 = Debug|x64
		{A29604C2-7177-4FB3-ADF7-ED39F32363F1}.Debug|x86.ActiveCfg = Debug|Win32
		{A29604C2-7177-4FB3-ADF7-ED39F32363F1}.Debug|x86.Build.0 = Debug|Win32
		{A29604C2-7177-4FB3-ADF7-ED39F32363F1}.Release|x64.ActiveCfg = Release|x64
		{A29604C2-7177-4FB3-ADF7-ED39F32363F1}.Release|x64.Build.0 = Release|x64
		{A29604C2-7177-4FB3-ADF7-ED39F32363F1}.Release|x86.ActiveCfg = Release|Win32
		{A29604C2-7177-4FB3-ADF7-ED39F32363F1}.Release|x86.Build.0 = Release|Win32
		{BA63A844-74ED-4C4E-B7F0-F5A837D67715}.Debug|x64.ActiveCfg = Debug|x64
		{BA63A844-74ED-4C4E-B7F0-F5A837D67715}.Debug|x64.Build.0 = Debug|x64
		{BA63A844-74ED-4C4E-B7F0-F5A837D67715}.Debug|x86.ActiveCfg = Debug|Win32
		{BA63A844-74ED-4C4E-B7F0-F5A837D67715}.Debug|x86.Build.0 = Debug|Win32
		{BA63A844-74ED-4C4E-B7F0-F5A837D67715}.Release|x64.ActiveCfg = Release|x64
		{BA63A844-74ED-4C4E-B7F0-F5A837D67715}.Release|x64.Build.0 = Release|x64
		{BA63A844-74ED-4C4E-B7F0-F5A837D67715}.Release|x86.ActiveCfg = Release|Win32
		{BA63A844-74ED-4C4E-B7F0-F5A837D67715}.Release|x86.Build.0 = Release|Win32
		{66D42C48-2AAE-43B9-859B-F85B1BC9BDCE}.Debug|x64.ActiveCfg = Debug|x64
		{66D42C48-2AAE-43B9-859B-F85B1BC9BDCE}.Debug|x64.Build.0 = Debug|x64
		{66D42C48-2AAE-43B9-859B-F85B1BC9BDCE}.Debug|x86.ActiveCfg = Debug|Win32
		{66D42C48-2AAE-43B9-859B-F85B1BC9BDCE}.Debug|x86.Build.0 = Debug|Win32
		{66D42C48-2AAE-43B9-859B-F85B1BC9BDCE}.Release|x64.ActiveCfg = Release|x64
		{66D42C48-2AAE-43B9-859B-F85B1BC9BDCE}.Release|x64.Build.0 = Release|x64
		{66D42C48-2AAE-43B9-859B-F85B1BC9BDCE}.Release|x86.ActiveCfg = Release|Win32
		{66D42C48-2AAE-43B9-859B-F85B1BC9BDCE}.Release|x86.Build.0 = Release|Win32
		{87D1491B-6722-41CD-BD08-7843425623E9}.Debug|x64.ActiveCfg = Debug|x64
		{87D1491B-6722-41CD-BD08-7843425623E9}.Debug|x64.Build.0 = Debug|x64
		{87D1491B-6722-41CD-BD08-7843425623E9}.Debug|x86.ActiveCfg = Debug|Win32
		{87D1491B-6722-41CD-BD08-7843425623E9}.Debug|x86.Build.0 = Debug|Win32
		{87D1491B-6722-41CD-BD08-7843425623E9}.Release|x64.ActiveCfg = Release|x64
		{87D1491B-6722-41CD-BD08-7843425623E9}.Release|x64.Build.0 = Release|x64
		{87D1491B-6722-41CD-BD08-7843425623E9}.Release|x86.ActiveCfg = Release|Win32
		{87D1491B-6722-41CD-BD08-7843425623E9}.Release|x86.Build.0 = Release|Win32
		{64AFEBA5-7123-43DD-97B0-053F626F2301}.Debug|x64.ActiveCfg = Debug|x64
		{64AFEBA5-7123-43DD-97B0-053F626F2301}.Debug|x64.Build.0 = Debug|x64
		{64AFEBA5-7123-43DD-97B0-053F626F2301}.Debug|x86.ActiveCfg = Debug|Win32
		{64AFEBA5-7123-43DD-97B0-053F626F2301}.Debug|x86.Build.0 = Debug|Win32
		{64AFEBA5-7123-43DD-97B0-053F626F2301}.Release|x64.ActiveCfg = Release|x64
		{64AFEBA5-7123-43DD-97B0-053F626F2301}.Release|x64.Build.0 = Release|x64
		{64AFEBA5-7123-43DD-97B0-053F626F2301}.Release|x86.ActiveCfg = Release|Win32
		{64AFEBA5-7123-43DD-97B0-053F626F2301}.Release|x86.Build.0 = Release|Win32
		{D3058F5F-21DE-429C-8337-54F1B8C205F9}.Debug|x64.ActiveCfg = Debug|x64
		{D3058F5F-21DE-429C-8337-54F1B8C205F9}.Debug|x64.Build.0 = Debug|x64
		{D3058F5F-21DE-429C-8337-54F1B8C205F9}.Debug|x86.ActiveCfg = Debug|Win32
		{D3058F5F-21DE-429C-8337-54F1B8C205F9}.Debug|x86.Build.0 = Debug|Win32
		{D3058F5F-21DE-429C-8337-54F1B8C205F9}.Release|x64.ActiveCfg = Release|x64
		{D3058F5F-21DE-429C-8337-54F1B8C205F9}.Release|x64.Build.0 = Release|x64
		{D3058F5F-21DE-429C-8337-54F1B8C205F9}.Release|x86.ActiveCfg = Release|Win32
		{D3058F5F-21DE-429C-8337-54F1B8C205F9}.Release|x86.Build.0 = Release|Win32
		{526B1A06-4796-4971-85B6-A6ED79135E11}.Debug|x64.ActiveCfg = Debug|x64
		{526B1A06-4796-4971-85B6-A6ED79135E11}.Debug|x64.Build.0 = Debug|x64
		{526B1A06-4796-4971-85B6-A6ED79135E11}.Debug|x86.ActiveCfg = Debug|Win32
		{526B1A06-4796-4971-85B6-A6ED79135E11}.Debug|x86.Build.0 = Debug|Win32
		{526B1A06-4796-4971-85B6-A6ED79135E11}.Release|x64.ActiveCfg = Release|x64
		{526B1A06-4796-4971-85B6-A6ED79135E11}.Release|x64.Build.0 = Release|x64
		{526B1A06-4796-4971-85B6-A6ED79135E11}.Release|x86.ActiveCfg = Release|Win32
		{526B1A06-4796-4971-85B6-A6ED79135E11}.Release|x86.Build.0 = Release|Win32
		{37926083-957E-4805-9BF2-D282B3D38E4E}.Debug|x64.ActiveCfg = Debug|x64
		{37926083-957E-4805-9BF2-D282B3D38E4E}.Debug|x64.Build.0 = Debug|x64
		{37926083-957E-4805-9BF2-D282B3D38E4E}.Debug|x86.ActiveCfg = Debug|Win32
		{37926083-957E-4805-9BF2-D282B3D38E4E}.Debug|x86.Build.0 = Debug|Win32
		{37926083-957E-4805-9BF2-D282B3D38E4E}.Release|x64.ActiveCfg = Release|x64
		{37926083-957E-4805-9BF2-D282B3D38E4E}.Release|x64.Build.0 = Release|x64
		{37926083-957E-4805-9BF2-D282B3D38E4E}.Release|x86.ActiveCfg = Release|Win32
		{37926083-957E-4805-9BF2-D282B3D38E4E}.Release|x86.Build.0 = Release|Win32
		{B8ED81BE-9852-452E-B57D-C8F06B4A90BC}.Debug|x64.ActiveCfg = Debug|x64
		{B8ED81BE-9852-452E-B57D-C8F06B4A90BC}.Debug|x64.Build.0 = Debug|x64
		{B8ED81BE-9852-452E-B57D-C8F06B4A90BC}.Debug|x86.ActiveCfg = Debug|Win32
		{B8ED81BE-9852-452E-B57D-C8F06B4A90BC}.Debug|x86.Build.0 = Debug|Win32
		{B8ED81BE-9852-452E-B57D-C8F06B4A90BC}.Release|x64.ActiveCfg = Release|x64
		{B8ED81BE-9852-452E-B57D-C8F06B4A90BC}.Release|x64.Build.0 = Release|x64
		{B8ED81BE-9852-452E-B57D-C8F06B4A90BC}.Release|x86.ActiveCfg = Release|Win32
		{B8ED81BE-9852-452E-B57D-C8F06B4A90BC}.Release|x86.Build.0 = Release|Win32
		{ACCE4FC7-058B-4200-BA2F-9D2685A1546B}.Debug|x64.ActiveCfg = Debug|x64
		{ACCE4FC7-058B-4200-BA2F-9D2685A1546B}.Debug|x64.Build.0 = Debug|x64
		{ACCE4FC7-058B-4200-BA2F-9D2685A1546B}.Debug|x86.ActiveCfg = Debug|Win32
		{ACCE4FC7-058B-4200-BA2F-9D2685A1546B}.Debug|x86.Build.0 = Debug|Win32
		{ACCE4FC7-058B-4200-BA2F-9D2685A1546B}.Release|x64.ActiveCfg = Release|x64
		{ACCE4FC7-058B-4200-BA2F-9D2685A1546B}.Release|x64.Build.0 = Release|x64
		{ACCE4FC7-058B-4200-BA2F-9D2685A1546B}.Release|x86.ActiveCfg = Release|Win32
		{ACCE4FC7-058B-4200-BA2F-9D2685A1546B}.Release|x86.Build.0 = Release|Win32
		{2A560879-0EC2-4F60-839A-6A52BFBF0B5B}.Debug|x64.ActiveCfg = Debug|x64
		{2A560879-0EC2-4F60-839A-6A52BFBF0B5B}.Debug|x64.Build.0 = Debug|x64
		{2A560879-0EC2-4F60-839A-6A52BFBF0B5B}.Debug|x86.ActiveCfg = Debug|Win32
		{2A560879-0EC2-4F60-839A-6A52BFBF0B5B}.Debug|x86.Build.0 = Debug|Win32
		{2A560879-0EC2-4F60-839A-6A52BFBF0B5B}.Release|x64.ActiveCfg = Release|x64
		{2A560879-0EC2-4F60-839A-6A52BFBF0B5B}.Release|x64.Build.0 = Release|x64
		{2A560879-0EC2-4F60-839A-6A52BFBF0B5B}.Release|x86.ActiveCfg = Release|Win32
		{2A560879-0EC2-4F60-839A-6A52BFBF0B5B}.Release|x86.Build.0 = Release|Win32
		{3E69B0E7-6000-4DE0-B658-7D131BD595B9}.Debug|x64.ActiveCfg = Debug|x64
		{3E69B0E7-6000-4DE0-B658-7D131BD595B9}.Debug|x64.Build.0 = Debug|x64
		{3E69B0E7-6000-4DE0-B658-7D131BD595B9}.Debug|x86.ActiveCfg = Debug|Win32
		{3E69B0E7-6000-4DE0-B658-7D131BD595B9}.Debug|x86.Build.0 = Debug|Win32
		{3E69B0E7-6000-4DE0-B658-7D131BD595B9}.Release|x64.ActiveCfg = Release|x64
		{3E69B0E7-6000-4DE0-B658-7D131BD595B9}.Release|x64.Build.0 = Release|x64
		{3E69B0E7-6000-4DE0-B658-7D131BD595B9}.Release|x86.ActiveCfg = Release|Win32
		{3E69B0E7-6000-4DE0-B658-7D131BD595B9}.Release|x86.Build.0 = Release|Win32
		{A4A71827-8841-4187-9756-25219E2931EA}.Debug|x64.ActiveCfg = Debug|x64
		{A4A71827-8841-4187-9756-25219E2931EA}.Debug|x64.Build.0 = Debug|x64
		{A4A71827-8841-4187-9756-25219E2931EA}.Debug|x86.ActiveCfg = Debug|Win32
		{A4A71827-8841-4187-9756-25219E2931EA}.Debug|x86.Build.0 = Debug|Win32
		{A4A71827-8841-4187-9756-25219E2931EA}.Release|x64.ActiveCfg = Release|x64
		{A4A71827-8841-4187-9756-25219E2931EA}.Release|x64.Build.0 = Release|x64
		{A4A71827-8841-4187-9756-25219E2931EA}.Release|x86.ActiveCfg = Release|Win32
		{A4A71827-8841-4187-9756-25219E2931EA}.Release|x86.Build.0 = Release|Win32
		{78B8150E-BCF1-415E-AC2F-EF132E20FCC5}.Debug|x64.ActiveCfg = Debug|x64
		{78B8150E-BCF1-415E-AC2F-EF132E20FCC5}.Debug|x64.Build.0 = Debug|x64
		{78B8150E-BCF1-415E-AC2F-EF132E20FCC5}.Debug|x86.ActiveCfg = Debug|Win32
		{78B8150E-BCF1-415E-AC2F-EF132E20FCC5}.Debug|x86.Build.0 = Debug|Win32
		{78B8150E-BCF1-415E-AC2F-EF132E20FCC5}.Release|x64.ActiveCfg = Release|x64
		{78B8150E-BCF1-415E-AC2F-EF132E20FCC5}.Release|x64.Build.0 = Release|x64
		{78B8150E-BCF1-415E-AC2F-EF132E20FCC5}.Release|x86.ActiveCfg = Release|Win32
		{78B8150E-BCF1-415E-AC2F-EF132E20FCC5}.Release|x86.Build.0 = Release|Win32
		{42F808D8-FE9E-4F26-A605-D62CE4BC9FE4}.Debug|x64.ActiveCfg = Debug|x64
		{42F808D8-FE9E-4F26-A605-D62CE4BC9FE4}.Debug|x64.Build.0 = Debug|x64
		{42F808D8-FE9E-4F26-A605-D62CE4BC9FE4}.Debug|x86.ActiveCfg = Debug|Win32
		{42F808D8-FE9E-4F26-A605-D62CE4BC9FE4}.Debug|x86.Build.0 = Debug|Win32
		{42F808D8-FE9E-4F26-A605-D62CE4BC9FE4}.Release|x64.ActiveCfg = Release|x64
		{42F808D8-FE9E-4F26-A605-D62CE4BC9FE4}.Release|x64.Build.0 = Release|x64
		{42F808D8-FE9E-4F26-A605-D62CE4BC9FE4}.Release|x86.ActiveCfg = Release|Win32
		{42F808D8-FE9E-4F26-A605-D62CE4BC9FE4}.Release|x86.Build.0 = Release|Win32
		{5A7079C5-1583-4D4B-BA0B-A3B3B0D74489}.Debug|x64.ActiveCfg = Debug|x64
		{5A7079C5-1583-4D4B-BA0B-A3B3B0D74489}.Debug|x64.Build.0 = Debug|x64
		{5A7079C5-1583-4D4B-BA0B-A3B3B0D74489}.Debug|x86.ActiveCfg = Debug|Win32
		{5A7079C5-1583-4D4B-BA0B-A3B3B0D74489}.Debug|x86.Build.0 = Debug|Win32
		{5A7079C5-1583-4D4B-BA0B-A3B3B0D74489}.Release|x64.ActiveCfg = Release|x64
		{5A7079C5-1583-4D4B-BA0B-A3B3B0D74489}.Release|x64.Build.0 = Release|x64
		{5A7079C5-1583-4D4B-BA0B-A3B3B0D74489}.Release|x86.ActiveCfg = Release|Win32
		{5A7079C5-1583-4D4B-BA0B-A3B3B0D74489}.Release|x86.Build.0 = Release|Win32
		{F55BE2F2-1020-4322-AD97-D255B9A5CC47}.Debug|x64.ActiveCfg = Debug|x64
		{F55BE2F2-1020-4322-AD97-D255B9A5CC47}.Debug|x64.Build.0 = Debug|x64
		{F55BE2F2-1020-4322-AD97-D255B9A5CC47}.Debug|x86.ActiveCfg = Debug|Win32
		{F55BE2F2-1020-4322-AD97-D255B9A5CC47}.Debug|x86.Build.0 = Debug|Win32
		{F55BE2F2-1020-4322-AD97-D255B9A5CC47}.Release|x64.ActiveCfg = Release|x64
		{F55BE2F2-1020-4322-AD97-D255B9A5CC47}.Release|x64.Build.0 = Release|x64
		{F55BE2F2-1020-4322-AD97-D255B9A5CC47}.Release|x86.ActiveCfg = Release|Win32
		{F55BE2F2-1020-4322-AD97-D255B9A5CC47}.Release|x86.Build.0 = Release|Win32
		{EED4CC5A-D701-4E05-B6F0-B5CC31B2D148}.Debug|x64.ActiveCfg = Debug|x64
		{EED4CC5A-D701-4E05-B6F0-B5CC31B2D148}.Debug|x64.Build.0 = Debug|x64
		{EED4CC5A-D701-4E05-B6F0-B5CC31B2D148}.Debug|x86.ActiveCfg = Debug|Win32
		{EED4CC5A-D701-4E05-B6F0-B5CC31B2D148}.Debug|x86.Build.0 = Debug|Win32
		{EED4CC5A-D701-4E05-B6F0-B5CC31B2D148}.Release|x64.ActiveCfg = Release|x64
		{EED4CC5A-D701-4E05-B6F0-B5CC31B2D148}.Release|x64.Build.0 = Release|x64
		{EED4CC5A-D701-4E05-B6F0-B5CC31B2D148}.Release|x86.ActiveCfg = Release|Win32
		{EED4CC5A-D701-4E05-B6F0-B5CC31B2D148}.Release|x86.Build.0 = Release|Win32
		{D0070B26-01D4-4066-BBF8-A295446E4668}.Debug|x64.ActiveCfg = Debug|x64
		{D0070B26-01D4-4066-BBF8-A295446E4668}.Debug|x64.Build.0 = Debug|x64
		{D0070B26-01D4-4066-BBF8-A295446E4668}.Debug|x86.ActiveCfg = Debug|Win32
		{D0070B26-01D4-4066-BBF8-A295446E4668}.Debug|x86.Build.0 = Debug|Win32
		{D0070B26-01D4-4066-BBF8-A295446E4668}.Release|x64.ActiveCfg = Release|x64
		{D0070B26-01D4-4066-BBF8-A295446E4668}.Release|x64.Build.0 = Release|x64
		{D0070B26-01D4-4066-BBF8-A295446E4668}.Release|x86.ActiveCfg = Release|Win32
		{D0070B26-01D4-4066-BBF8-A295446E4668}.Release|x86.Build.0 = Release|Win32
		{0D51258D-6A93-4F16-9B56-E5ED72736542}.Debug|x64.ActiveCfg = Debug|x64
		{0D51258D-6A93-4F16-9B56-E5ED72736542}.Debug|x64.Build.0 = Debug|x64
		{0D51258D-6A93-4F16-9B56-E5ED72736542}.Debug|x86.ActiveCfg = Debug|Win32
		{0D51258D-6A93-4F16-9B56-E5ED72736542}.Debug|x86.Build.0 = Debug|Win32
		{0D51258D-6A93-4F16-9B56-E5ED72736542}.Release|x64.ActiveCfg = Release|x64
		{0D51258D-6A93-4F16-9B56-E5ED72736542}.Release|x64.Build.0 = Release|x64
		{0D51258D-6A93-4F16-9B56-E5ED72736542}.Release|x86.ActiveCfg = Release|Win32
		{0D51258D-6A93-4F16-9B56-E5ED72736542}.Release|x86.Build.0 = Release|Win32
		{6680454C-601B-4973-9261-C3124AD74FCF}.Debug|x64.ActiveCfg = Debug|x64
		{6680454C-601B-4973-9261-C3124AD74FCF}.Debug|x64.Build.0 = Debug|x64
		{6680454C-601B-4973-9261-C3124AD74FCF}.Debug|x86.ActiveCfg = Debug|Win32
		{6680454C-601B-4973-9261-C3124AD74FCF}.Debug|x86.Build.0 = Debug|Win32
		{6680454C-601B-4973-9261-C3124AD74FCF}.Release|x64.ActiveCfg = Release|x64
		{6680454C-601B-4973-9261-C3124AD74FCF}.Release|x64.Build.0 = Release|x64
		{6680454C-601B-4973-9261-C3124AD74FCF}.Release|x86.ActiveCfg = Release|Win32
		{6680454C-601B-4973-9261-C3124AD74FCF}.Release|x86.Build.0 = Release|Win32
		{FEC18800-9D06-43BA-A702-053F6E893151}.Debug|x64.ActiveCfg = Debug|x64
		{FEC18800-9D06-43BA-A702-053F6E893151}.Debug|x64.Build.0 = Debug|x64
		{FEC18800-9D06-43BA-A702-053F6E893151}.Debug|x86.ActiveCfg = Debug|Win32
		{FEC18800-9D06-43BA-A702-053F6E893151}.Debug|x86.Build.0 = Debug|Win32
		{FEC18800-9D06-43BA-A702-053F6E893151}.Release|x64.ActiveCfg = Release|x64
		{FEC18800-9D06-43BA-A702-053F6E893151}.Release|x64.Build.0 = Release|x64
		{FEC18800-9D06-43BA-A702-053F6E893151}.Release|x86.ActiveCfg = Release|Win32
		{FEC18800-9D06-43BA-A702-053F6E893151}.Release|x86.Build.0 = Release|Win32
		{099B071B-A92F-4A04-AC47-50C92E34A50E}.Debug|x64.ActiveCfg = Debug|x64
		{099B071B-A92F-4A04-AC47-50C92E34A50E}.Debug|x64.Build.0 = Debug|x64
		{099B071B-A92F-4A04-AC47-50C92E34A50E}.Debug|x86.ActiveCfg = Debug|Win32
		{099B071B-A92F-4A04-AC47-50C92E34A50E}.Debug|x86.Build.0 = Debug|Win32
		{099B071B-A92F-4A04-AC47-50C92E34A50E}.Release|x64.ActiveCfg = Release|x64
		{099B071B-A92F-4A04-AC47-50C92E34A50E}.Release|x64.Build.0 = Release|x64
		{099B071B-A92F-4A04-AC47-50C92E34A50E}.Release|x86.ActiveCfg = Release|Win32
		{099B071B-A92F-4A04-AC47-50C92E34A50E}.Release|x86.Build.0 = Release|Win32
		{1BD75A2B-E998-409F-8983-4CD770310D1D}.Debug|x64.ActiveCfg = Debug|x64
		{1BD75A2B-E998-409F-8983-4CD770310D1D}.Debug|x64.Build.0 = Debug|x64
		{1BD75A2B-E998-409F-8983-4CD770310D1D}.Debug|x86.ActiveCfg = Debug|Win32
		{1BD75A2B-E998-409F-8983-4CD770310D1D}.Debug|x86.Build.0 = Debug|Win32
		{1BD75A2B-E998-409F-8983-4CD770310D1D}.Release|x64.ActiveCfg = Release|x64
		{1BD75A2B-E998-409F-8983-4CD770310D1D}.Release|x64.Build.0 = Release|x64
		{1BD75A2B-E998-409F-8983-4CD770310D1D}.Release|x86.ActiveCfg = Release|Win32
		{1BD75A2B-E998-409F-8983-4CD770310D1D}.Release|x86.Build.0 = Release|Win32
		{BFDB7F57-01E2-465C-A77E-EEBEAAA98202}.Debug|x64.ActiveCfg = Debug|x64
		{BFDB7F57-01E2-465C-A77E-EEBEAAA98202}.Debug|x64.Build.0 = Debug|x64
		{BFDB7F57-01E2-465C-A77E-EEBEAAA98202}.Debug|x86.ActiveCfg = Debug|Win32
		{BFDB7F57-01E2-465C-A77E-EEBEAAA98202}.Debug|x86.Build.0 = Debug|Win32
		{BFDB7F57-01E2-465C-A77E-EEBEAAA98202}.Release|x64.ActiveCfg = Release|x64
		{BFDB7F57-01E2-465C-A77E-EEBEAAA98202}.Release|x64.Build.0 = Release|x64
		{BFDB7F57-01E2-465C-A77E-EEBEAAA98202}.Release|x86.ActiveCfg = Release|Win32
		{BFDB7F57-01E2-465C-A77E-EEBEAAA98202}.Release|x86.Build.0 = Release|Win32
		{EE803ED2-E0A3-4E35-B34B-7532CCD89F3D}.Debug|x64.ActiveCfg = Debug|x64
		{EE803ED2-E0A3-4E35-B34B-7532CCD89F3D}.Debug|x64.Build.0 = Debug|x64
		{EE803ED2-E0A3-4E35-B34B-7532CCD89F3D}.Debug|x86.ActiveCfg = Debug|Win32
		{EE803ED2-E0A3-4E35-B34B-7532CCD89F3D}.Debug|x86.Build.0 = Debug|Win32
		{EE803ED2-E0A3-4E35-B34B-7532CCD89F3D}.Release|x64.ActiveCfg = Release|x64
		{EE803ED2-E0A3-4E35-B34B-7532CCD89F3D}.Release|x64.Build.0 = Release|x64
		{EE803ED2-E0A3-4E35-B34B-7532CCD89F3D}.Release|x86.ActiveCfg = Release|Win32
		{EE803ED2-E0A3-4E35-B34B-7532CCD89F3D}.Release|x86.Build.0 = Release|Win32
		{8A3B0C00-8B66-4B84-9184-DDF815F96CA1}.Debug|x64.ActiveCfg = Debug|x64
		{8A3B0C00-8B66-4B84-9184-DDF815F96CA1}.Debug|x64.Build.0 = Debug|x64
		{8A3B0C00-8B66-4B84-9184-DDF815F96CA1}.Debug|x86.ActiveCfg = Debug|Win32
		{8A3B0C00-8B66-4B84-9184-DDF815F96CA1}.Debug|x86.Build.0 = Debug|Win32
		{8A3B0C00-8B66-4B84-9184-DDF815F96CA1}.Release|x64.ActiveCfg = Release|x64
		{8A3B0C00-8B66-4B84-9184-DDF815F96CA1}.Release|x64.Build.0 = Release|x64
		{8A3B0C00-8B66-4B84-9184-DDF815F96CA1}.Release|x86.ActiveCfg = Release|Win32
		{8A3B0C00-8B66-4B84-9184-DDF815F96CA1}.Release|x86.Build.0 = Release|Win32
		{AE6924C3-9692-4378-A62F-E1835F8D8073}.Debug|x64.ActiveCfg = Debug|x64
		{AE6924C3-9692-4378-A62F-E1835F8D8073}.Debug|x64.Build.0 = Debug|x64
		{AE6924C3-9692-4378-A62F-E1835F8D8073}.Debug|x86.ActiveCfg = Debug|Win32
		{AE6924C3-9692-4378-A62F-E1835F8D8073}.Debug|x86.Build.0 = Debug|Win32
		{AE6924C3-9692-4378-A62F-E1835F8D8073}.Release|x64.ActiveCfg = Release|x64
		{AE6924C3-9692-4378-A62F-E1835F8D8073}.Release|x64.Build.0 = Release|x64
		{AE6924C3-9692-4378-A62F-E1835F8D8073}.Release|x86.ActiveCfg = Release|Win32
		{AE6924C3-9692-4378-A62F-E1835F8D8073}.Release|x86.Build.0 = Release|Win32
	EndGlobalSection
	GlobalSection(SolutionProperties) = preSolution
		HideSolutionNode = FALSE
	EndGlobalSection
EndGlobal
